
Microsoft Visual Studio Solution File, Format Version 12.00
# Visual Studio Version 16
VisualStudioVersion = 16.0.30907.101
MinimumVisualStudioVersion = 10.0.40219.1
Project("{FAE04EC0-301F-11D3-BF4B-00C04F79EFBC}") = "StacksAndQueuesDay16", "StacksAndQueuesDay16\StacksAndQueuesDay16.csproj", "{C81E01D7-87BC-4286-B6F1-89F8A5030D53}"
EndProject
Global
	GlobalSection(SolutionConfigurationPlatforms) = preSolution
		Debug|Any CPU = Debug|Any CPU
		Release|Any CPU = Release|Any CPU
	EndGlobalSection
	GlobalSection(ProjectConfigurationPlatforms) = postSolution
		{C81E01D7-87BC-4286-B6F1-89F8A5030D53}.Debug|Any CPU.ActiveCfg = Debug|Any CPU
		{C81E01D7-87BC-4286-B6F1-89F8A5030D53}.Debug|Any CPU.Build.0 = Debug|Any CPU
		{C81E01D7-87BC-4286-B6F1-89F8A5030D53}.Release|Any CPU.ActiveCfg = Release|Any CPU
		{C81E01D7-87BC-4286-B6F1-89F8A5030D53}.Release|Any CPU.Build.0 = Release|Any CPU
	EndGlobalSection
	GlobalSection(SolutionProperties) = preSolution
		HideSolutionNode = FALSE
	EndGlobalSection
	GlobalSection(ExtensibilityGlobals) = postSolution
		SolutionGuid = {0FC7AE4E-01F1-4AA9-A877-13DDE48D647D}
	EndGlobalSection
EndGlobal
